// !$*UTF8*$!
{
	archiveVersion = 1;
	classes = {
	};
	objectVersion = 46;
	objects = {

/* Begin PBXAggregateTarget section */
		7BDFDCCFE2764596B8555C2A /* ALL_BUILD */ = {
			isa = PBXAggregateTarget;
			buildConfigurationList = A41B98D4FB284CF38FAE8198 /* Build configuration list for PBXAggregateTarget "ALL_BUILD" */;
			buildPhases = (
				3681E4BEBEF44E14B02618E4 /* CMake Rules */,
			);
			dependencies = (
				DC7AA8009C314697BE0FE111 /* PBXTargetDependency */,
				659868CF3DE741D9B6C2CBC3 /* PBXTargetDependency */,
			);
			name = ALL_BUILD;
			productName = ALL_BUILD;
		};
		91B5FDBE84F741AA971121AD /* ZERO_CHECK */ = {
			isa = PBXAggregateTarget;
			buildConfigurationList = 8136503F62334813942E3C4E /* Build configuration list for PBXAggregateTarget "ZERO_CHECK" */;
			buildPhases = (
				2E77A8EA16A64F738889398E /* CMake Rules */,
			);
			dependencies = (
			);
			name = ZERO_CHECK;
			productName = ZERO_CHECK;
		};
/* End PBXAggregateTarget section */

/* Begin PBXBuildFile section */
		02A3A091D23B4227A497DBA0 /* /Users/chris/Developer/CarND-MPC-P10/src/MPC.cpp */ = {isa = PBXBuildFile; fileRef = 84B859B0CCA047358E37EEA7 /* /Users/chris/Developer/CarND-MPC-P10/src/MPC.cpp */; };
		5C8D4A7EC8904C46BDA521E3 /* /Users/chris/Developer/CarND-MPC-P10/CMakeLists.txt */ = {isa = PBXBuildFile; fileRef = 6084C2AAF7C2491BBE256452 /* /Users/chris/Developer/CarND-MPC-P10/CMakeLists.txt */; };
		8E8144E3542D4321B8FD0659 /* /Users/chris/Developer/CarND-MPC-P10/src/main.cpp */ = {isa = PBXBuildFile; fileRef = F4A65CE007C8484A83F4C7C1 /* /Users/chris/Developer/CarND-MPC-P10/src/main.cpp */; };
/* End PBXBuildFile section */

/* Begin PBXBuildStyle section */
		391B234BFD9F416A98C3BB2E /* Release */ = {
			isa = PBXBuildStyle;
			buildSettings = {
				COPY_PHASE_STRIP = NO;
			};
			name = Release;
		};
		A72D59DBFC3948DDAB7CEB7C /* MinSizeRel */ = {
			isa = PBXBuildStyle;
			buildSettings = {
				COPY_PHASE_STRIP = NO;
			};
			name = MinSizeRel;
		};
		E6ADB8C234134D20AA26FD2D /* Debug */ = {
			isa = PBXBuildStyle;
			buildSettings = {
				COPY_PHASE_STRIP = NO;
			};
			name = Debug;
		};
		FDA36E8E2A4C4421955F7D61 /* RelWithDebInfo */ = {
			isa = PBXBuildStyle;
			buildSettings = {
				COPY_PHASE_STRIP = NO;
			};
			name = RelWithDebInfo;
		};
/* End PBXBuildStyle section */

/* Begin PBXContainerItemProxy section */
		6DEDB640466C42BCA54040CB /* PBXContainerItemProxy */ = {
			isa = PBXContainerItemProxy;
			containerPortal = 35195838BDC84537B9B5DA52 /* Project object */;
			proxyType = 1;
			remoteGlobalIDString = 91B5FDBE84F741AA971121AD;
			remoteInfo = ZERO_CHECK;
		};
		AA2D9875CA1446908FB461E0 /* PBXContainerItemProxy */ = {
			isa = PBXContainerItemProxy;
			containerPortal = 35195838BDC84537B9B5DA52 /* Project object */;
			proxyType = 1;
			remoteGlobalIDString = B82E12D24669459AAE33CFD4;
			remoteInfo = mpc;
		};
		E66E6D4F6F4949ADB92C20B2 /* PBXContainerItemProxy */ = {
			isa = PBXContainerItemProxy;
			containerPortal = 35195838BDC84537B9B5DA52 /* Project object */;
			proxyType = 1;
			remoteGlobalIDString = 91B5FDBE84F741AA971121AD;
			remoteInfo = ZERO_CHECK;
		};
/* End PBXContainerItemProxy section */

/* Begin PBXFileReference section */
		1324CF7212E948CBBB177C20 /* mpc */ = {isa = PBXFileReference; explicitFileType = "compiled.mach-o.executable"; path = mpc; sourceTree = BUILT_PRODUCTS_DIR; };
		6084C2AAF7C2491BBE256452 /* /Users/chris/Developer/CarND-MPC-P10/CMakeLists.txt */ = {isa = PBXFileReference; explicitFileType = sourcecode.text; fileEncoding = 4; name = CMakeLists.txt; path = CMakeLists.txt; sourceTree = SOURCE_ROOT; };
		84B859B0CCA047358E37EEA7 /* /Users/chris/Developer/CarND-MPC-P10/src/MPC.cpp */ = {isa = PBXFileReference; explicitFileType = sourcecode.cpp.cpp; fileEncoding = 4; name = MPC.cpp; path = src/MPC.cpp; sourceTree = SOURCE_ROOT; };
		87A25EECD0C64D83BAB6CAD6 /* /Users/chris/Developer/CarND-MPC-P10/CMakeLists.txt */ = {isa = PBXFileReference; explicitFileType = sourcecode.text; fileEncoding = 4; name = CMakeLists.txt; path = CMakeLists.txt; sourceTree = SOURCE_ROOT; };
		F4A65CE007C8484A83F4C7C1 /* /Users/chris/Developer/CarND-MPC-P10/src/main.cpp */ = {isa = PBXFileReference; explicitFileType = sourcecode.cpp.cpp; fileEncoding = 4; name = main.cpp; path = src/main.cpp; sourceTree = SOURCE_ROOT; };
/* End PBXFileReference section */

/* Begin PBXGroup section */
		01C1E8B447F043AFB7F1214C /* Products */ = {
			isa = PBXGroup;
			children = (
				1324CF7212E948CBBB177C20 /* mpc */,
			);
			name = Products;
			sourceTree = "<group>";
		};
		59C7FA9228E44CF681DB0478 /* Source Files */ = {
			isa = PBXGroup;
			children = (
				84B859B0CCA047358E37EEA7 /* /Users/chris/Developer/CarND-MPC-P10/src/MPC.cpp */,
				F4A65CE007C8484A83F4C7C1 /* /Users/chris/Developer/CarND-MPC-P10/src/main.cpp */,
			);
			name = "Source Files";
			sourceTree = "<group>";
		};
		6202B9D58BB243D890F4032C /* mpc */ = {
			isa = PBXGroup;
			children = (
				59C7FA9228E44CF681DB0478 /* Source Files */,
				6084C2AAF7C2491BBE256452 /* /Users/chris/Developer/CarND-MPC-P10/CMakeLists.txt */,
			);
			name = mpc;
			sourceTree = "<group>";
		};
		C5147DEE1881410384C460F8 /* ALL_BUILD */ = {
			isa = PBXGroup;
			children = (
				CB98D5B6FCC54729A1BE7CDB /* CMake Rules */,
				87A25EECD0C64D83BAB6CAD6 /* /Users/chris/Developer/CarND-MPC-P10/CMakeLists.txt */,
			);
			name = ALL_BUILD;
			sourceTree = "<group>";
		};
		CB98D5B6FCC54729A1BE7CDB /* CMake Rules */ = {
			isa = PBXGroup;
			children = (
			);
			name = "CMake Rules";
			sourceTree = "<group>";
		};
		CF6766D4831B41F0936906AD = {
			isa = PBXGroup;
			children = (
				6202B9D58BB243D890F4032C /* mpc */,
				C5147DEE1881410384C460F8 /* ALL_BUILD */,
				01C1E8B447F043AFB7F1214C /* Products */,
			);
			sourceTree = "<group>";
		};
/* End PBXGroup section */

/* Begin PBXNativeTarget section */
		B82E12D24669459AAE33CFD4 /* mpc */ = {
			isa = PBXNativeTarget;
			buildConfigurationList = D88AFD66DC2947AEBCFD6DD9 /* Build configuration list for PBXNativeTarget "mpc" */;
			buildPhases = (
				36EDC2A36FB249059F1FD3FA /* Sources */,
			);
			buildRules = (
			);
			dependencies = (
				1BEC5DE066754DCD9933997F /* PBXTargetDependency */,
			);
			name = mpc;
			productName = mpc;
			productReference = 1324CF7212E948CBBB177C20 /* mpc */;
			productType = "com.apple.product-type.tool";
		};
/* End PBXNativeTarget section */

/* Begin PBXProject section */
		35195838BDC84537B9B5DA52 /* Project object */ = {
			isa = PBXProject;
			attributes = {
				BuildIndependentTargetsInParallel = YES;
				LastUpgradeCheck = 0930;
			};
			buildConfigurationList = EB5981D7BDC64B3AAB1AD0F2 /* Build configuration list for PBXProject "MPC" */;
			buildSettings = {
			};
			buildStyles = (
				E6ADB8C234134D20AA26FD2D /* Debug */,
				391B234BFD9F416A98C3BB2E /* Release */,
				A72D59DBFC3948DDAB7CEB7C /* MinSizeRel */,
				FDA36E8E2A4C4421955F7D61 /* RelWithDebInfo */,
			);
			compatibilityVersion = "Xcode 3.2";
			hasScannedForEncodings = 0;
			mainGroup = CF6766D4831B41F0936906AD;
			projectDirPath = ../;
			projectRoot = "";
			targets = (
				7BDFDCCFE2764596B8555C2A /* ALL_BUILD */,
				91B5FDBE84F741AA971121AD /* ZERO_CHECK */,
				B82E12D24669459AAE33CFD4 /* mpc */,
			);
		};
/* End PBXProject section */

/* Begin PBXShellScriptBuildPhase section */
		2E77A8EA16A64F738889398E /* CMake Rules */ = {
			isa = PBXShellScriptBuildPhase;
			buildActionMask = 2147483647;
			files = (
			);
			name = "CMake Rules";
			runOnlyForDeploymentPostprocessing = 0;
			shellPath = /bin/sh;
			shellScript = "make -C /Users/chris/Developer/CarND-MPC-P10/xcode -f /Users/chris/Developer/CarND-MPC-P10/xcode/CMakeScripts/ZERO_CHECK_cmakeRulesBuildPhase.make$CONFIGURATION all";
			showEnvVarsInLog = 0;
		};
		3681E4BEBEF44E14B02618E4 /* CMake Rules */ = {
			isa = PBXShellScriptBuildPhase;
			buildActionMask = 2147483647;
			files = (
			);
			name = "CMake Rules";
			runOnlyForDeploymentPostprocessing = 0;
			shellPath = /bin/sh;
			shellScript = "make -C /Users/chris/Developer/CarND-MPC-P10/xcode -f /Users/chris/Developer/CarND-MPC-P10/xcode/CMakeScripts/ALL_BUILD_cmakeRulesBuildPhase.make$CONFIGURATION all";
			showEnvVarsInLog = 0;
		};
		CBC443186232439696F9E2D1 = {
			isa = PBXShellScriptBuildPhase;
			buildActionMask = 2147483647;
			files = (
			);
			inputPaths = (
			);
			outputPaths = (
			);
			runOnlyForDeploymentPostprocessing = 0;
			shellPath = /bin/sh;
			shellScript = "# shell script goes here
exit 0";
			showEnvVarsInLog = 0;
		};
		FD0CEAE0052046D9A58AC709 = {
			isa = PBXShellScriptBuildPhase;
			buildActionMask = 2147483647;
			files = (
			);
			inputPaths = (
			);
			outputPaths = (
			);
			runOnlyForDeploymentPostprocessing = 0;
			shellPath = /bin/sh;
			shellScript = "# shell script goes here
exit 0";
			showEnvVarsInLog = 0;
		};
/* End PBXShellScriptBuildPhase section */

/* Begin PBXSourcesBuildPhase section */
		36EDC2A36FB249059F1FD3FA /* Sources */ = {
			isa = PBXSourcesBuildPhase;
			buildActionMask = 2147483647;
			files = (
				02A3A091D23B4227A497DBA0 /* /Users/chris/Developer/CarND-MPC-P10/src/MPC.cpp */,
				8E8144E3542D4321B8FD0659 /* /Users/chris/Developer/CarND-MPC-P10/src/main.cpp */,
			);
			runOnlyForDeploymentPostprocessing = 0;
		};
/* End PBXSourcesBuildPhase section */

/* Begin PBXTargetDependency section */
		1BEC5DE066754DCD9933997F /* PBXTargetDependency */ = {
			isa = PBXTargetDependency;
			target = 91B5FDBE84F741AA971121AD /* ZERO_CHECK */;
			targetProxy = 6DEDB640466C42BCA54040CB /* PBXContainerItemProxy */;
		};
		659868CF3DE741D9B6C2CBC3 /* PBXTargetDependency */ = {
			isa = PBXTargetDependency;
			target = 91B5FDBE84F741AA971121AD /* ZERO_CHECK */;
			targetProxy = E66E6D4F6F4949ADB92C20B2 /* PBXContainerItemProxy */;
		};
		DC7AA8009C314697BE0FE111 /* PBXTargetDependency */ = {
			isa = PBXTargetDependency;
			target = B82E12D24669459AAE33CFD4 /* mpc */;
			targetProxy = AA2D9875CA1446908FB461E0 /* PBXContainerItemProxy */;
		};
/* End PBXTargetDependency section */

/* Begin XCBuildConfiguration section */
		0552D907234E4128862F5439 /* Release */ = {
			isa = XCBuildConfiguration;
			buildSettings = {
				COMBINE_HIDPI_IMAGES = YES;
				GCC_GENERATE_DEBUGGING_SYMBOLS = YES;
				GCC_INLINES_ARE_PRIVATE_EXTERN = NO;
				GCC_OPTIMIZATION_LEVEL = 0;
				GCC_PREPROCESSOR_DEFINITIONS = ("'CMAKE_INTDIR=\"$(CONFIGURATION)$(EFFECTIVE_PLATFORM_NAME)\"'");
				GCC_SYMBOLS_PRIVATE_EXTERN = NO;
				INSTALL_PATH = "";
				OTHER_LDFLAGS = " ";
				OTHER_REZFLAGS = "";
				PRODUCT_NAME = ALL_BUILD;
				SECTORDER_FLAGS = "";
				SYMROOT = "/Users/chris/Developer/CarND-MPC-P10/xcode";
				USE_HEADERMAP = NO;
				WARNING_CFLAGS = ("-Wmost","-Wno-four-char-constants","-Wno-unknown-pragmas","$(inherited)");
			};
			name = Release;
		};
		17B79AEE1C6F42F29694DD3C /* MinSizeRel */ = {
			isa = XCBuildConfiguration;
			buildSettings = {
				COMBINE_HIDPI_IMAGES = YES;
				GCC_GENERATE_DEBUGGING_SYMBOLS = YES;
				GCC_INLINES_ARE_PRIVATE_EXTERN = NO;
				GCC_OPTIMIZATION_LEVEL = 0;
				GCC_PREPROCESSOR_DEFINITIONS = ("'CMAKE_INTDIR=\"$(CONFIGURATION)$(EFFECTIVE_PLATFORM_NAME)\"'");
				GCC_SYMBOLS_PRIVATE_EXTERN = NO;
				INSTALL_PATH = "";
				OTHER_LDFLAGS = " ";
				OTHER_REZFLAGS = "";
				PRODUCT_NAME = ZERO_CHECK;
				SECTORDER_FLAGS = "";
				SYMROOT = "/Users/chris/Developer/CarND-MPC-P10/xcode";
				USE_HEADERMAP = NO;
				WARNING_CFLAGS = ("-Wmost","-Wno-four-char-constants","-Wno-unknown-pragmas","$(inherited)");
			};
			name = MinSizeRel;
		};
		1A8E11DD6C6A4912B366A8ED /* RelWithDebInfo */ = {
			isa = XCBuildConfiguration;
			buildSettings = {
				COMBINE_HIDPI_IMAGES = YES;
				GCC_GENERATE_DEBUGGING_SYMBOLS = YES;
				GCC_INLINES_ARE_PRIVATE_EXTERN = NO;
				GCC_OPTIMIZATION_LEVEL = 0;
				GCC_PREPROCESSOR_DEFINITIONS = ("'CMAKE_INTDIR=\"$(CONFIGURATION)$(EFFECTIVE_PLATFORM_NAME)\"'");
				GCC_SYMBOLS_PRIVATE_EXTERN = NO;
				INSTALL_PATH = "";
				OTHER_LDFLAGS = " ";
				OTHER_REZFLAGS = "";
				PRODUCT_NAME = ZERO_CHECK;
				SECTORDER_FLAGS = "";
				SYMROOT = "/Users/chris/Developer/CarND-MPC-P10/xcode";
				USE_HEADERMAP = NO;
				WARNING_CFLAGS = ("-Wmost","-Wno-four-char-constants","-Wno-unknown-pragmas","$(inherited)");
			};
			name = RelWithDebInfo;
		};
		1B182B138D974CB0A0A2FB57 /* RelWithDebInfo */ = {
			isa = XCBuildConfiguration;
			buildSettings = {
				ONLY_ACTIVE_ARCH = YES;
				SDKROOT = /Applications/Xcode.app/Contents/Developer/Platforms/MacOSX.platform/Developer/SDKs/MacOSX10.13.sdk;
				SYMROOT = "/Users/chris/Developer/CarND-MPC-P10/xcode/build";
			};
			name = RelWithDebInfo;
		};
		1F51D0728D344BC7863DAC38 /* Debug */ = {
			isa = XCBuildConfiguration;
			buildSettings = {
				COMBINE_HIDPI_IMAGES = YES;
				GCC_GENERATE_DEBUGGING_SYMBOLS = YES;
				GCC_INLINES_ARE_PRIVATE_EXTERN = NO;
				GCC_OPTIMIZATION_LEVEL = 0;
				GCC_PREPROCESSOR_DEFINITIONS = ("'CMAKE_INTDIR=\"$(CONFIGURATION)$(EFFECTIVE_PLATFORM_NAME)\"'");
				GCC_SYMBOLS_PRIVATE_EXTERN = NO;
				INSTALL_PATH = "";
				OTHER_LDFLAGS = " ";
				OTHER_REZFLAGS = "";
				PRODUCT_NAME = ALL_BUILD;
				SECTORDER_FLAGS = "";
				SYMROOT = "/Users/chris/Developer/CarND-MPC-P10/xcode";
				USE_HEADERMAP = NO;
				WARNING_CFLAGS = ("-Wmost","-Wno-four-char-constants","-Wno-unknown-pragmas","$(inherited)");
			};
			name = Debug;
		};
		37866426D931476085BA524E /* MinSizeRel */ = {
			isa = XCBuildConfiguration;
			buildSettings = {
				ONLY_ACTIVE_ARCH = YES;
				SDKROOT = /Applications/Xcode.app/Contents/Developer/Platforms/MacOSX.platform/Developer/SDKs/MacOSX10.13.sdk;
				SYMROOT = "/Users/chris/Developer/CarND-MPC-P10/xcode/build";
			};
			name = MinSizeRel;
		};
		3CD8B03526C3490A970AE636 /* Debug */ = {
			isa = XCBuildConfiguration;
			buildSettings = {
				COMBINE_HIDPI_IMAGES = YES;
				EXECUTABLE_PREFIX = "";
				EXECUTABLE_SUFFIX = "";
				GCC_GENERATE_DEBUGGING_SYMBOLS = YES;
				GCC_INLINES_ARE_PRIVATE_EXTERN = NO;
				GCC_OPTIMIZATION_LEVEL = 0;
				GCC_PREPROCESSOR_DEFINITIONS = ("'CMAKE_INTDIR=\"$(CONFIGURATION)$(EFFECTIVE_PLATFORM_NAME)\"'");
				GCC_SYMBOLS_PRIVATE_EXTERN = NO;
				HEADER_SEARCH_PATHS = (/usr/local/include,"/Users/chris/Developer/CarND-MPC-P10/src/Eigen-3.3",/usr/local/opt/openssl/include);
				INSTALL_PATH = "";
				LD_RUNPATH_SEARCH_PATHS = "/usr/local/lib /usr/local/opt/openssl/lib";
				LIBRARY_SEARCH_PATHS = " /usr/local/lib/$(CONFIGURATION)$(EFFECTIVE_PLATFORM_NAME) /usr/local/lib /usr/local/opt/openssl/lib/$(CONFIGURATION)$(EFFECTIVE_PLATFORM_NAME) /usr/local/opt/openssl/lib";
				OTHER_CPLUSPLUSFLAGS = "-Wall      -std=c++11 -O3";
				OTHER_LDFLAGS = " -Wl,-search_paths_first -Wl,-headerpad_max_install_names  -lipopt -lz -lssl -luv -luWS";
				OTHER_REZFLAGS = "";
				PRODUCT_NAME = mpc;
				SECTORDER_FLAGS = "";
				SYMROOT = "/Users/chris/Developer/CarND-MPC-P10/xcode";
				USE_HEADERMAP = NO;
				WARNING_CFLAGS = ("-Wmost","-Wno-four-char-constants","-Wno-unknown-pragmas","$(inherited)");
			};
			name = Debug;
		};
		4B1E5CF09BAE4D2086E2E45A /* MinSizeRel */ = {
			isa = XCBuildConfiguration;
			buildSettings = {
				COMBINE_HIDPI_IMAGES = YES;
				GCC_GENERATE_DEBUGGING_SYMBOLS = YES;
				GCC_INLINES_ARE_PRIVATE_EXTERN = NO;
				GCC_OPTIMIZATION_LEVEL = 0;
				GCC_PREPROCESSOR_DEFINITIONS = ("'CMAKE_INTDIR=\"$(CONFIGURATION)$(EFFECTIVE_PLATFORM_NAME)\"'");
				GCC_SYMBOLS_PRIVATE_EXTERN = NO;
				INSTALL_PATH = "";
				OTHER_LDFLAGS = " ";
				OTHER_REZFLAGS = "";
				PRODUCT_NAME = ALL_BUILD;
				SECTORDER_FLAGS = "";
				SYMROOT = "/Users/chris/Developer/CarND-MPC-P10/xcode";
				USE_HEADERMAP = NO;
				WARNING_CFLAGS = ("-Wmost","-Wno-four-char-constants","-Wno-unknown-pragmas","$(inherited)");
			};
			name = MinSizeRel;
		};
		6B3DAEB34E4A47BEA100B48E /* MinSizeRel */ = {
			isa = XCBuildConfiguration;
			buildSettings = {
				COMBINE_HIDPI_IMAGES = YES;
				EXECUTABLE_PREFIX = "";
				EXECUTABLE_SUFFIX = "";
				GCC_GENERATE_DEBUGGING_SYMBOLS = NO;
				GCC_INLINES_ARE_PRIVATE_EXTERN = NO;
				GCC_OPTIMIZATION_LEVEL = s;
				GCC_PREPROCESSOR_DEFINITIONS = ("'CMAKE_INTDIR=\"$(CONFIGURATION)$(EFFECTIVE_PLATFORM_NAME)\"'");
				GCC_SYMBOLS_PRIVATE_EXTERN = NO;
				HEADER_SEARCH_PATHS = (/usr/local/include,"/Users/chris/Developer/CarND-MPC-P10/src/Eigen-3.3",/usr/local/opt/openssl/include);
				INSTALL_PATH = "";
				LD_RUNPATH_SEARCH_PATHS = "/usr/local/lib /usr/local/opt/openssl/lib";
				LIBRARY_SEARCH_PATHS = " /usr/local/lib/$(CONFIGURATION)$(EFFECTIVE_PLATFORM_NAME) /usr/local/lib /usr/local/opt/openssl/lib/$(CONFIGURATION)$(EFFECTIVE_PLATFORM_NAME) /usr/local/opt/openssl/lib";
				OTHER_CPLUSPLUSFLAGS = "-Wall     -DNDEBUG   -std=c++11 -O3";
				OTHER_LDFLAGS = " -Wl,-search_paths_first -Wl,-headerpad_max_install_names  -lipopt -lz -lssl -luv -luWS";
				OTHER_REZFLAGS = "";
				PRODUCT_NAME = mpc;
				SECTORDER_FLAGS = "";
				SYMROOT = "/Users/chris/Developer/CarND-MPC-P10/xcode";
				USE_HEADERMAP = NO;
				WARNING_CFLAGS = ("-Wmost","-Wno-four-char-constants","-Wno-unknown-pragmas","$(inherited)");
			};
			name = MinSizeRel;
		};
		954A804BD27D4597ABADBF69 /* Release */ = {
			isa = XCBuildConfiguration;
			buildSettings = {
				COMBINE_HIDPI_IMAGES = YES;
				GCC_GENERATE_DEBUGGING_SYMBOLS = YES;
				GCC_INLINES_ARE_PRIVATE_EXTERN = NO;
				GCC_OPTIMIZATION_LEVEL = 0;
				GCC_PREPROCESSOR_DEFINITIONS = ("'CMAKE_INTDIR=\"$(CONFIGURATION)$(EFFECTIVE_PLATFORM_NAME)\"'");
				GCC_SYMBOLS_PRIVATE_EXTERN = NO;
				INSTALL_PATH = "";
				OTHER_LDFLAGS = " ";
				OTHER_REZFLAGS = "";
				PRODUCT_NAME = ZERO_CHECK;
				SECTORDER_FLAGS = "";
				SYMROOT = "/Users/chris/Developer/CarND-MPC-P10/xcode";
				USE_HEADERMAP = NO;
				WARNING_CFLAGS = ("-Wmost","-Wno-four-char-constants","-Wno-unknown-pragmas","$(inherited)");
			};
			name = Release;
		};
		990AF42E89FE4ABCB5EA6181 /* Debug */ = {
			isa = XCBuildConfiguration;
			buildSettings = {
				ONLY_ACTIVE_ARCH = YES;
				SDKROOT = /Applications/Xcode.app/Contents/Developer/Platforms/MacOSX.platform/Developer/SDKs/MacOSX10.13.sdk;
				SYMROOT = "/Users/chris/Developer/CarND-MPC-P10/xcode/build";
			};
			name = Debug;
		};
		9FFF2FE2E01647DE87E5EA20 /* Release */ = {
			isa = XCBuildConfiguration;
			buildSettings = {
				COMBINE_HIDPI_IMAGES = YES;
				EXECUTABLE_PREFIX = "";
				EXECUTABLE_SUFFIX = "";
				GCC_GENERATE_DEBUGGING_SYMBOLS = NO;
				GCC_INLINES_ARE_PRIVATE_EXTERN = NO;
				GCC_OPTIMIZATION_LEVEL = 3;
				GCC_PREPROCESSOR_DEFINITIONS = ("'CMAKE_INTDIR=\"$(CONFIGURATION)$(EFFECTIVE_PLATFORM_NAME)\"'");
				GCC_SYMBOLS_PRIVATE_EXTERN = NO;
				HEADER_SEARCH_PATHS = (/usr/local/include,"/Users/chris/Developer/CarND-MPC-P10/src/Eigen-3.3",/usr/local/opt/openssl/include);
				INSTALL_PATH = "";
				LD_RUNPATH_SEARCH_PATHS = "/usr/local/lib /usr/local/opt/openssl/lib";
				LIBRARY_SEARCH_PATHS = " /usr/local/lib/$(CONFIGURATION)$(EFFECTIVE_PLATFORM_NAME) /usr/local/lib /usr/local/opt/openssl/lib/$(CONFIGURATION)$(EFFECTIVE_PLATFORM_NAME) /usr/local/opt/openssl/lib";
				OTHER_CPLUSPLUSFLAGS = "-Wall     -DNDEBUG   -std=c++11 -O3";
				OTHER_LDFLAGS = " -Wl,-search_paths_first -Wl,-headerpad_max_install_names  -lipopt -lz -lssl -luv -luWS";
				OTHER_REZFLAGS = "";
				PRODUCT_NAME = mpc;
				SECTORDER_FLAGS = "";
				SYMROOT = "/Users/chris/Developer/CarND-MPC-P10/xcode";
				USE_HEADERMAP = NO;
				WARNING_CFLAGS = ("-Wmost","-Wno-four-char-constants","-Wno-unknown-pragmas","$(inherited)");
			};
			name = Release;
		};
		F12042B1C586471D8B61B05A /* Debug */ = {
			isa = XCBuildConfiguration;
			buildSettings = {
				COMBINE_HIDPI_IMAGES = YES;
				GCC_GENERATE_DEBUGGING_SYMBOLS = YES;
				GCC_INLINES_ARE_PRIVATE_EXTERN = NO;
				GCC_OPTIMIZATION_LEVEL = 0;
				GCC_PREPROCESSOR_DEFINITIONS = ("'CMAKE_INTDIR=\"$(CONFIGURATION)$(EFFECTIVE_PLATFORM_NAME)\"'");
				GCC_SYMBOLS_PRIVATE_EXTERN = NO;
				INSTALL_PATH = "";
				OTHER_LDFLAGS = " ";
				OTHER_REZFLAGS = "";
				PRODUCT_NAME = ZERO_CHECK;
				SECTORDER_FLAGS = "";
				SYMROOT = "/Users/chris/Developer/CarND-MPC-P10/xcode";
				USE_HEADERMAP = NO;
				WARNING_CFLAGS = ("-Wmost","-Wno-four-char-constants","-Wno-unknown-pragmas","$(inherited)");
			};
			name = Debug;
		};
		FB28556A3BEB4837810255BB /* Release */ = {
			isa = XCBuildConfiguration;
			buildSettings = {
				ONLY_ACTIVE_ARCH = YES;
				SDKROOT = /Applications/Xcode.app/Contents/Developer/Platforms/MacOSX.platform/Developer/SDKs/MacOSX10.13.sdk;
				SYMROOT = "/Users/chris/Developer/CarND-MPC-P10/xcode/build";
			};
			name = Release;
		};
		FC2326F8AC8A420F8D29A2B8 /* RelWithDebInfo */ = {
			isa = XCBuildConfiguration;
			buildSettings = {
				COMBINE_HIDPI_IMAGES = YES;
				GCC_GENERATE_DEBUGGING_SYMBOLS = YES;
				GCC_INLINES_ARE_PRIVATE_EXTERN = NO;
				GCC_OPTIMIZATION_LEVEL = 0;
				GCC_PREPROCESSOR_DEFINITIONS = ("'CMAKE_INTDIR=\"$(CONFIGURATION)$(EFFECTIVE_PLATFORM_NAME)\"'");
				GCC_SYMBOLS_PRIVATE_EXTERN = NO;
				INSTALL_PATH = "";
				OTHER_LDFLAGS = " ";
				OTHER_REZFLAGS = "";
				PRODUCT_NAME = ALL_BUILD;
				SECTORDER_FLAGS = "";
				SYMROOT = "/Users/chris/Developer/CarND-MPC-P10/xcode";
				USE_HEADERMAP = NO;
				WARNING_CFLAGS = ("-Wmost","-Wno-four-char-constants","-Wno-unknown-pragmas","$(inherited)");
			};
			name = RelWithDebInfo;
		};
		FD6795A357084D71AE8958C3 /* RelWithDebInfo */ = {
			isa = XCBuildConfiguration;
			buildSettings = {
				COMBINE_HIDPI_IMAGES = YES;
				EXECUTABLE_PREFIX = "";
				EXECUTABLE_SUFFIX = "";
				GCC_GENERATE_DEBUGGING_SYMBOLS = YES;
				GCC_INLINES_ARE_PRIVATE_EXTERN = NO;
				GCC_OPTIMIZATION_LEVEL = 2;
				GCC_PREPROCESSOR_DEFINITIONS = ("'CMAKE_INTDIR=\"$(CONFIGURATION)$(EFFECTIVE_PLATFORM_NAME)\"'");
				GCC_SYMBOLS_PRIVATE_EXTERN = NO;
				HEADER_SEARCH_PATHS = (/usr/local/include,"/Users/chris/Developer/CarND-MPC-P10/src/Eigen-3.3",/usr/local/opt/openssl/include);
				INSTALL_PATH = "";
				LD_RUNPATH_SEARCH_PATHS = "/usr/local/lib /usr/local/opt/openssl/lib";
				LIBRARY_SEARCH_PATHS = " /usr/local/lib/$(CONFIGURATION)$(EFFECTIVE_PLATFORM_NAME) /usr/local/lib /usr/local/opt/openssl/lib/$(CONFIGURATION)$(EFFECTIVE_PLATFORM_NAME) /usr/local/opt/openssl/lib";
				OTHER_CPLUSPLUSFLAGS = "-Wall        -DNDEBUG   -std=c++11 -O3";
				OTHER_LDFLAGS = " -Wl,-search_paths_first -Wl,-headerpad_max_install_names  -lipopt -lz -lssl -luv -luWS";
				OTHER_REZFLAGS = "";
				PRODUCT_NAME = mpc;
				SECTORDER_FLAGS = "";
				SYMROOT = "/Users/chris/Developer/CarND-MPC-P10/xcode";
				USE_HEADERMAP = NO;
				WARNING_CFLAGS = ("-Wmost","-Wno-four-char-constants","-Wno-unknown-pragmas","$(inherited)");
			};
			name = RelWithDebInfo;
		};
/* End XCBuildConfiguration section */

/* Begin XCConfigurationList section */
		8136503F62334813942E3C4E /* Build configuration list for PBXAggregateTarget "ZERO_CHECK" */ = {
			isa = XCConfigurationList;
			buildConfigurations = (
				F12042B1C586471D8B61B05A /* Debug */,
				954A804BD27D4597ABADBF69 /* Release */,
				17B79AEE1C6F42F29694DD3C /* MinSizeRel */,
				1A8E11DD6C6A4912B366A8ED /* RelWithDebInfo */,
			);
			defaultConfigurationIsVisible = 0;
			defaultConfigurationName = Debug;
		};
		A41B98D4FB284CF38FAE8198 /* Build configuration list for PBXAggregateTarget "ALL_BUILD" */ = {
			isa = XCConfigurationList;
			buildConfigurations = (
				1F51D0728D344BC7863DAC38 /* Debug */,
				0552D907234E4128862F5439 /* Release */,
				4B1E5CF09BAE4D2086E2E45A /* MinSizeRel */,
				FC2326F8AC8A420F8D29A2B8 /* RelWithDebInfo */,
			);
			defaultConfigurationIsVisible = 0;
			defaultConfigurationName = Debug;
		};
		D88AFD66DC2947AEBCFD6DD9 /* Build configuration list for PBXNativeTarget "mpc" */ = {
			isa = XCConfigurationList;
			buildConfigurations = (
				3CD8B03526C3490A970AE636 /* Debug */,
				9FFF2FE2E01647DE87E5EA20 /* Release */,
				6B3DAEB34E4A47BEA100B48E /* MinSizeRel */,
				FD6795A357084D71AE8958C3 /* RelWithDebInfo */,
			);
			defaultConfigurationIsVisible = 0;
			defaultConfigurationName = Debug;
		};
		EB5981D7BDC64B3AAB1AD0F2 /* Build configuration list for PBXProject "MPC" */ = {
			isa = XCConfigurationList;
			buildConfigurations = (
				990AF42E89FE4ABCB5EA6181 /* Debug */,
				FB28556A3BEB4837810255BB /* Release */,
				37866426D931476085BA524E /* MinSizeRel */,
				1B182B138D974CB0A0A2FB57 /* RelWithDebInfo */,
			);
			defaultConfigurationIsVisible = 0;
			defaultConfigurationName = Debug;
		};
/* End XCConfigurationList section */
	};
	rootObject = 35195838BDC84537B9B5DA52 /* Project object */;
}
